
Microsoft Visual Studio Solution File, Format Version 12.00
# Visual Studio Version 16
VisualStudioVersion = 16.0.31624.102
MinimumVisualStudioVersion = 10.0.40219.1
Project("{FAE04EC0-301F-11D3-BF4B-00C04F79EFBC}") = "Phone", "Phone\Phone.csproj", "{73D58D72-D3FB-4047-A16F-4246FA9EE812}"
EndProject
Global
	GlobalSection(SolutionConfigurationPlatforms) = preSolution
		Debug|Any CPU = Debug|Any CPU
		Release|Any CPU = Release|Any CPU
	EndGlobalSection
	GlobalSection(ProjectConfigurationPlatforms) = postSolution
		{73D58D72-D3FB-4047-A16F-4246FA9EE812}.Debug|Any CPU.ActiveCfg = Debug|Any CPU
		{73D58D72-D3FB-4047-A16F-4246FA9EE812}.Debug|Any CPU.Build.0 = Debug|Any CPU
		{73D58D72-D3FB-4047-A16F-4246FA9EE812}.Release|Any CPU.ActiveCfg = Release|Any CPU
		{73D58D72-D3FB-4047-A16F-4246FA9EE812}.Release|Any CPU.Build.0 = Release|Any CPU
	EndGlobalSection
	GlobalSection(SolutionProperties) = preSolution
		HideSolutionNode = FALSE
	EndGlobalSection
	GlobalSection(ExtensibilityGlobals) = postSolution
		SolutionGuid = {EB256D8C-BFEA-4BF3-BF9C-6DED7524941D}
	EndGlobalSection
EndGlobal
